
Microsoft Visual Studio Solution File, Format Version 12.00
# Visual Studio Version 17
VisualStudioVersion = 17.7.34031.279
MinimumVisualStudioVersion = 10.0.40219.1
Project("{9A19103F-16F7-4668-BE54-9A1E7A4F7556}") = "Broker", "Broker\Broker.csproj", "{21420C13-CA6A-43A4-B639-0FB5F3E7B805}"
EndProject
Project("{9A19103F-16F7-4668-BE54-9A1E7A4F7556}") = "Common", "Common\Common.csproj", "{CCB03631-E10E-41D5-A17F-47A0C6FDB1EB}"
EndProject
Project("{9A19103F-16F7-4668-BE54-9A1E7A4F7556}") = "Sender", "Sender\Sender.csproj", "{4D1A7EB0-8A8F-4B8A-82EC-78BA2B953A22}"
EndProject
Project("{FAE04EC0-301F-11D3-BF4B-00C04F79EFBC}") = "Receiver", "Receiver\Receiver.csproj", "{F679237C-CDB1-4FD8-B5CE-85698D51366F}"
EndProject
Global
	GlobalSection(SolutionConfigurationPlatforms) = preSolution
		Debug|Any CPU = Debug|Any CPU
		Release|Any CPU = Release|Any CPU
	EndGlobalSection
	GlobalSection(ProjectConfigurationPlatforms) = postSolution
		{21420C13-CA6A-43A4-B639-0FB5F3E7B805}.Debug|Any CPU.ActiveCfg = Debug|Any CPU
		{21420C13-CA6A-43A4-B639-0FB5F3E7B805}.Debug|Any CPU.Build.0 = Debug|Any CPU
		{21420C13-CA6A-43A4-B639-0FB5F3E7B805}.Release|Any CPU.ActiveCfg = Release|Any CPU
		{21420C13-CA6A-43A4-B639-0FB5F3E7B805}.Release|Any CPU.Build.0 = Release|Any CPU
		{CCB03631-E10E-41D5-A17F-47A0C6FDB1EB}.Debug|Any CPU.ActiveCfg = Debug|Any CPU
		{CCB03631-E10E-41D5-A17F-47A0C6FDB1EB}.Debug|Any CPU.Build.0 = Debug|Any CPU
		{CCB03631-E10E-41D5-A17F-47A0C6FDB1EB}.Release|Any CPU.ActiveCfg = Release|Any CPU
		{CCB03631-E10E-41D5-A17F-47A0C6FDB1EB}.Release|Any CPU.Build.0 = Release|Any CPU
		{4D1A7EB0-8A8F-4B8A-82EC-78BA2B953A22}.Debug|Any CPU.ActiveCfg = Debug|Any CPU
		{4D1A7EB0-8A8F-4B8A-82EC-78BA2B953A22}.Debug|Any CPU.Build.0 = Debug|Any CPU
		{4D1A7EB0-8A8F-4B8A-82EC-78BA2B953A22}.Release|Any CPU.ActiveCfg = Release|Any CPU
		{4D1A7EB0-8A8F-4B8A-82EC-78BA2B953A22}.Release|Any CPU.Build.0 = Release|Any CPU
		{F679237C-CDB1-4FD8-B5CE-85698D51366F}.Debug|Any CPU.ActiveCfg = Debug|Any CPU
		{F679237C-CDB1-4FD8-B5CE-85698D51366F}.Debug|Any CPU.Build.0 = Debug|Any CPU
		{F679237C-CDB1-4FD8-B5CE-85698D51366F}.Release|Any CPU.ActiveCfg = Release|Any CPU
		{F679237C-CDB1-4FD8-B5CE-85698D51366F}.Release|Any CPU.Build.0 = Release|Any CPU
	EndGlobalSection
	GlobalSection(SolutionProperties) = preSolution
		HideSolutionNode = FALSE
	EndGlobalSection
	GlobalSection(ExtensibilityGlobals) = postSolution
		SolutionGuid = {A84ED9FD-6087-409F-8168-10D9D1B1E3F7}
	EndGlobalSection
EndGlobal
